// !$*UTF8*$!
{
	archiveVersion = 1;
	classes = {
	};
	objectVersion = 46;
	objects = {

/* Begin PBXBuildFile section */
		CB59DB5F160F96F600ADB8B6 /* rank_order_info_bg.jpg in Resources */ = {isa = PBXBuildFile; fileRef = CB59DB5E160F96F600ADB8B6 /* rank_order_info_bg.jpg */; };
		CB59DB62160F996000ADB8B6 /* InfoViewController.m in Sources */ = {isa = PBXBuildFile; fileRef = CB59DB61160F996000ADB8B6 /* InfoViewController.m */; };
		CB59DB64160F9BB300ADB8B6 /* Default@2x.png in Resources */ = {isa = PBXBuildFile; fileRef = CB59DB63160F9BB300ADB8B6 /* Default@2x.png */; };
		CB59DB66160F9BB900ADB8B6 /* Default.png in Resources */ = {isa = PBXBuildFile; fileRef = CB59DB65160F9BB900ADB8B6 /* Default.png */; };
		CB6EDDF01612432E00E54C71 /* rank_order_icon.png in Resources */ = {isa = PBXBuildFile; fileRef = CB6EDDEF1612432E00E54C71 /* rank_order_icon.png */; };
		CB6EDDF31612434600E54C71 /* rank_order_retina_icon.png in Resources */ = {isa = PBXBuildFile; fileRef = CB6EDDF21612434600E54C71 /* rank_order_retina_icon.png */; };
		CBABD12116090D8C0025E0AE /* SLURankOrderNavigationController.m in Sources */ = {isa = PBXBuildFile; fileRef = CBABD12016090D8C0025E0AE /* SLURankOrderNavigationController.m */; };
		CBB88C3E1607E87100808669 /* UIKit.framework in Frameworks */ = {isa = PBXBuildFile; fileRef = CBB88C3D1607E87100808669 /* UIKit.framework */; };
		CBB88C401607E87100808669 /* Foundation.framework in Frameworks */ = {isa = PBXBuildFile; fileRef = CBB88C3F1607E87100808669 /* Foundation.framework */; };
		CBB88C421607E87100808669 /* CoreGraphics.framework in Frameworks */ = {isa = PBXBuildFile; fileRef = CBB88C411607E87100808669 /* CoreGraphics.framework */; };
		CBB88C481607E87100808669 /* InfoPlist.strings in Resources */ = {isa = PBXBuildFile; fileRef = CBB88C461607E87100808669 /* InfoPlist.strings */; };
		CBB88C4A1607E87100808669 /* main.m in Sources */ = {isa = PBXBuildFile; fileRef = CBB88C491607E87100808669 /* main.m */; };
		CBB88C4E1607E87100808669 /* SLURankOrderAppDelegate.m in Sources */ = {isa = PBXBuildFile; fileRef = CBB88C4D1607E87100808669 /* SLURankOrderAppDelegate.m */; };
		CBB88C511607E87100808669 /* MainStoryboard.storyboard in Resources */ = {isa = PBXBuildFile; fileRef = CBB88C4F1607E87100808669 /* MainStoryboard.storyboard */; };
		CBB88C5C1607E8A200808669 /* SLURankOrderMainViewController.m in Sources */ = {isa = PBXBuildFile; fileRef = CBB88C5B1607E8A200808669 /* SLURankOrderMainViewController.m */; };
		CBB88C5F1607E99600808669 /* SoloViewController.m in Sources */ = {isa = PBXBuildFile; fileRef = CBB88C5E1607E99600808669 /* SoloViewController.m */; };
		CBB88C621607E9A100808669 /* PairViewController.m in Sources */ = {isa = PBXBuildFile; fileRef = CBB88C611607E9A100808669 /* PairViewController.m */; };
		CBB88C651607E9AA00808669 /* GroupViewController.m in Sources */ = {isa = PBXBuildFile; fileRef = CBB88C641607E9AA00808669 /* GroupViewController.m */; };
		CBB88C681607E9B700808669 /* ScoreViewController.m in Sources */ = {isa = PBXBuildFile; fileRef = CBB88C671607E9B700808669 /* ScoreViewController.m */; };
		CBCB217C1620BEBA0045DB9D /* SoloRecallViewController.m in Sources */ = {isa = PBXBuildFile; fileRef = CBCB217B1620BEBA0045DB9D /* SoloRecallViewController.m */; };
		CBCB21801620C17C0045DB9D /* PairRecallViewController.m in Sources */ = {isa = PBXBuildFile; fileRef = CBCB217F1620C17C0045DB9D /* PairRecallViewController.m */; };
		CBD3E71D160DFD51000A0F53 /* ro_score_bg_iphone4_edited.jpg in Resources */ = {isa = PBXBuildFile; fileRef = CBD3E71A160DFD51000A0F53 /* ro_score_bg_iphone4_edited.jpg */; };
		CBD3E71E160DFD51000A0F53 /* ro_bg_iphone4_edited.jpg in Resources */ = {isa = PBXBuildFile; fileRef = CBD3E71B160DFD51000A0F53 /* ro_bg_iphone4_edited.jpg */; };
		CBD3E722160E09B8000A0F53 /* Default-568h@2x.png in Resources */ = {isa = PBXBuildFile; fileRef = CBD3E721160E09B8000A0F53 /* Default-568h@2x.png */; };
/* End PBXBuildFile section */

/* Begin PBXFileReference section */
		CB59DB5E160F96F600ADB8B6 /* rank_order_info_bg.jpg */ = {isa = PBXFileReference; lastKnownFileType = image.jpeg; path = rank_order_info_bg.jpg; sourceTree = "<group>"; };
		CB59DB60160F996000ADB8B6 /* InfoViewController.h */ = {isa = PBXFileReference; fileEncoding = 4; lastKnownFileType = sourcecode.c.h; path = InfoViewController.h; sourceTree = "<group>"; };
		CB59DB61160F996000ADB8B6 /* InfoViewController.m */ = {isa = PBXFileReference; fileEncoding = 4; lastKnownFileType = sourcecode.c.objc; path = InfoViewController.m; sourceTree = "<group>"; };
		CB59DB63160F9BB300ADB8B6 /* Default@2x.png */ = {isa = PBXFileReference; lastKnownFileType = image.png; name = "Default@2x.png"; path = "../Default@2x.png"; sourceTree = "<group>"; };
		CB59DB65160F9BB900ADB8B6 /* Default.png */ = {isa = PBXFileReference; lastKnownFileType = image.png; name = Default.png; path = ../Default.png; sourceTree = "<group>"; };
		CB6EDDEF1612432E00E54C71 /* rank_order_icon.png */ = {isa = PBXFileReference; lastKnownFileType = image.png; name = rank_order_icon.png; path = ../rank_order_icon.png; sourceTree = "<group>"; };
		CB6EDDF21612434600E54C71 /* rank_order_retina_icon.png */ = {isa = PBXFileReference; lastKnownFileType = image.png; name = rank_order_retina_icon.png; path = ../rank_order_retina_icon.png; sourceTree = "<group>"; };
		CBABD11F16090D8C0025E0AE /* SLURankOrderNavigationController.h */ = {isa = PBXFileReference; fileEncoding = 4; lastKnownFileType = sourcecode.c.h; path = SLURankOrderNavigationController.h; sourceTree = "<group>"; };
		CBABD12016090D8C0025E0AE /* SLURankOrderNavigationController.m */ = {isa = PBXFileReference; fileEncoding = 4; lastKnownFileType = sourcecode.c.objc; path = SLURankOrderNavigationController.m; sourceTree = "<group>"; };
		CBB88C391607E87100808669 /* SLU Rank Order.app */ = {isa = PBXFileReference; explicitFileType = wrapper.application; includeInIndex = 0; path = "SLU Rank Order.app"; sourceTree = BUILT_PRODUCTS_DIR; };
		CBB88C3D1607E87100808669 /* UIKit.framework */ = {isa = PBXFileReference; lastKnownFileType = wrapper.framework; name = UIKit.framework; path = System/Library/Frameworks/UIKit.framework; sourceTree = SDKROOT; };
		CBB88C3F1607E87100808669 /* Foundation.framework */ = {isa = PBXFileReference; lastKnownFileType = wrapper.framework; name = Foundation.framework; path = System/Library/Frameworks/Foundation.framework; sourceTree = SDKROOT; };
		CBB88C411607E87100808669 /* CoreGraphics.framework */ = {isa = PBXFileReference; lastKnownFileType = wrapper.framework; name = CoreGraphics.framework; path = System/Library/Frameworks/CoreGraphics.framework; sourceTree = SDKROOT; };
		CBB88C451607E87100808669 /* SLU Rank Order-Info.plist */ = {isa = PBXFileReference; lastKnownFileType = text.plist.xml; path = "SLU Rank Order-Info.plist"; sourceTree = "<group>"; };
		CBB88C471607E87100808669 /* en */ = {isa = PBXFileReference; lastKnownFileType = text.plist.strings; name = en; path = en.lproj/InfoPlist.strings; sourceTree = "<group>"; };
		CBB88C491607E87100808669 /* main.m */ = {isa = PBXFileReference; lastKnownFileType = sourcecode.c.objc; path = main.m; sourceTree = "<group>"; };
		CBB88C4B1607E87100808669 /* SLU Rank Order-Prefix.pch */ = {isa = PBXFileReference; lastKnownFileType = sourcecode.c.h; path = "SLU Rank Order-Prefix.pch"; sourceTree = "<group>"; };
		CBB88C4C1607E87100808669 /* SLURankOrderAppDelegate.h */ = {isa = PBXFileReference; lastKnownFileType = sourcecode.c.h; path = SLURankOrderAppDelegate.h; sourceTree = "<group>"; };
		CBB88C4D1607E87100808669 /* SLURankOrderAppDelegate.m */ = {isa = PBXFileReference; lastKnownFileType = sourcecode.c.objc; path = SLURankOrderAppDelegate.m; sourceTree = "<group>"; };
		CBB88C501607E87100808669 /* en */ = {isa = PBXFileReference; lastKnownFileType = file.storyboard; name = en; path = en.lproj/MainStoryboard.storyboard; sourceTree = "<group>"; };
		CBB88C5A1607E8A200808669 /* SLURankOrderMainViewController.h */ = {isa = PBXFileReference; fileEncoding = 4; lastKnownFileType = sourcecode.c.h; path = SLURankOrderMainViewController.h; sourceTree = "<group>"; };
		CBB88C5B1607E8A200808669 /* SLURankOrderMainViewController.m */ = {isa = PBXFileReference; fileEncoding = 4; lastKnownFileType = sourcecode.c.objc; path = SLURankOrderMainViewController.m; sourceTree = "<group>"; };
		CBB88C5D1607E99600808669 /* SoloViewController.h */ = {isa = PBXFileReference; fileEncoding = 4; lastKnownFileType = sourcecode.c.h; path = SoloViewController.h; sourceTree = "<group>"; };
		CBB88C5E1607E99600808669 /* SoloViewController.m */ = {isa = PBXFileReference; fileEncoding = 4; lastKnownFileType = sourcecode.c.objc; path = SoloViewController.m; sourceTree = "<group>"; };
		CBB88C601607E9A100808669 /* PairViewController.h */ = {isa = PBXFileReference; fileEncoding = 4; lastKnownFileType = sourcecode.c.h; path = PairViewController.h; sourceTree = "<group>"; };
		CBB88C611607E9A100808669 /* PairViewController.m */ = {isa = PBXFileReference; fileEncoding = 4; lastKnownFileType = sourcecode.c.objc; path = PairViewController.m; sourceTree = "<group>"; };
		CBB88C631607E9AA00808669 /* GroupViewController.h */ = {isa = PBXFileReference; fileEncoding = 4; lastKnownFileType = sourcecode.c.h; path = GroupViewController.h; sourceTree = "<group>"; };
		CBB88C641607E9AA00808669 /* GroupViewController.m */ = {isa = PBXFileReference; fileEncoding = 4; lastKnownFileType = sourcecode.c.objc; path = GroupViewController.m; sourceTree = "<group>"; };
		CBB88C661607E9B700808669 /* ScoreViewController.h */ = {isa = PBXFileReference; fileEncoding = 4; lastKnownFileType = sourcecode.c.h; path = ScoreViewController.h; sourceTree = "<group>"; };
		CBB88C671607E9B700808669 /* ScoreViewController.m */ = {isa = PBXFileReference; fileEncoding = 4; lastKnownFileType = sourcecode.c.objc; path = ScoreViewController.m; sourceTree = "<group>"; };
		CBCB217A1620BEBA0045DB9D /* SoloRecallViewController.h */ = {isa = PBXFileReference; fileEncoding = 4; lastKnownFileType = sourcecode.c.h; path = SoloRecallViewController.h; sourceTree = "<group>"; };
		CBCB217B1620BEBA0045DB9D /* SoloRecallViewController.m */ = {isa = PBXFileReference; fileEncoding = 4; lastKnownFileType = sourcecode.c.objc; path = SoloRecallViewController.m; sourceTree = "<group>"; };
		CBCB217E1620C17C0045DB9D /* PairRecallViewController.h */ = {isa = PBXFileReference; fileEncoding = 4; lastKnownFileType = sourcecode.c.h; path = PairRecallViewController.h; sourceTree = "<group>"; };
		CBCB217F1620C17C0045DB9D /* PairRecallViewController.m */ = {isa = PBXFileReference; fileEncoding = 4; lastKnownFileType = sourcecode.c.objc; path = PairRecallViewController.m; sourceTree = "<group>"; };
		CBD3E71A160DFD51000A0F53 /* ro_score_bg_iphone4_edited.jpg */ = {isa = PBXFileReference; lastKnownFileType = image.jpeg; path = ro_score_bg_iphone4_edited.jpg; sourceTree = "<group>"; };
		CBD3E71B160DFD51000A0F53 /* ro_bg_iphone4_edited.jpg */ = {isa = PBXFileReference; lastKnownFileType = image.jpeg; path = ro_bg_iphone4_edited.jpg; sourceTree = "<group>"; };
		CBD3E721160E09B8000A0F53 /* Default-568h@2x.png */ = {isa = PBXFileReference; lastKnownFileType = image.png; name = "Default-568h@2x.png"; path = "../Default-568h@2x.png"; sourceTree = "<group>"; };
/* End PBXFileReference section */

/* Begin PBXFrameworksBuildPhase section */
		CBB88C361607E87100808669 /* Frameworks */ = {
			isa = PBXFrameworksBuildPhase;
			buildActionMask = 2147483647;
			files = (
				CBB88C3E1607E87100808669 /* UIKit.framework in Frameworks */,
				CBB88C401607E87100808669 /* Foundation.framework in Frameworks */,
				CBB88C421607E87100808669 /* CoreGraphics.framework in Frameworks */,
			);
			runOnlyForDeploymentPostprocessing = 0;
		};
/* End PBXFrameworksBuildPhase section */

/* Begin PBXGroup section */
		CBB88C2E1607E87100808669 = {
			isa = PBXGroup;
			children = (
				CBB88C431607E87100808669 /* SLU Rank Order */,
				CBB88C3C1607E87100808669 /* Frameworks */,
				CBB88C3A1607E87100808669 /* Products */,
			);
			sourceTree = "<group>";
		};
		CBB88C3A1607E87100808669 /* Products */ = {
			isa = PBXGroup;
			children = (
				CBB88C391607E87100808669 /* SLU Rank Order.app */,
			);
			name = Products;
			sourceTree = "<group>";
		};
		CBB88C3C1607E87100808669 /* Frameworks */ = {
			isa = PBXGroup;
			children = (
				CBB88C3D1607E87100808669 /* UIKit.framework */,
				CBB88C3F1607E87100808669 /* Foundation.framework */,
				CBB88C411607E87100808669 /* CoreGraphics.framework */,
			);
			name = Frameworks;
			sourceTree = "<group>";
		};
		CBB88C431607E87100808669 /* SLU Rank Order */ = {
			isa = PBXGroup;
			children = (
				CBB88C4C1607E87100808669 /* SLURankOrderAppDelegate.h */,
				CBB88C4D1607E87100808669 /* SLURankOrderAppDelegate.m */,
				CBCB217A1620BEBA0045DB9D /* SoloRecallViewController.h */,
				CBCB217B1620BEBA0045DB9D /* SoloRecallViewController.m */,
				CBB88C4F1607E87100808669 /* MainStoryboard.storyboard */,
				CB59DB60160F996000ADB8B6 /* InfoViewController.h */,
				CB59DB61160F996000ADB8B6 /* InfoViewController.m */,
				CBABD11F16090D8C0025E0AE /* SLURankOrderNavigationController.h */,
				CBABD12016090D8C0025E0AE /* SLURankOrderNavigationController.m */,
				CBB88C5A1607E8A200808669 /* SLURankOrderMainViewController.h */,
				CBB88C5B1607E8A200808669 /* SLURankOrderMainViewController.m */,
				CBB88C5D1607E99600808669 /* SoloViewController.h */,
				CBB88C5E1607E99600808669 /* SoloViewController.m */,
				CBCB217E1620C17C0045DB9D /* PairRecallViewController.h */,
				CBCB217F1620C17C0045DB9D /* PairRecallViewController.m */,
				CBB88C601607E9A100808669 /* PairViewController.h */,
				CBB88C611607E9A100808669 /* PairViewController.m */,
				CBB88C631607E9AA00808669 /* GroupViewController.h */,
				CBB88C641607E9AA00808669 /* GroupViewController.m */,
				CBB88C661607E9B700808669 /* ScoreViewController.h */,
				CBB88C671607E9B700808669 /* ScoreViewController.m */,
				CBB88C441607E87100808669 /* Supporting Files */,
			);
			path = "SLU Rank Order";
			sourceTree = "<group>";
		};
		CBB88C441607E87100808669 /* Supporting Files */ = {
			isa = PBXGroup;
			children = (
				CB59DB65160F9BB900ADB8B6 /* Default.png */,
				CB59DB63160F9BB300ADB8B6 /* Default@2x.png */,
				CBD3E721160E09B8000A0F53 /* Default-568h@2x.png */,
				CB6EDDF21612434600E54C71 /* rank_order_retina_icon.png */,
				CB6EDDEF1612432E00E54C71 /* rank_order_icon.png */,
				CBD3E71A160DFD51000A0F53 /* ro_score_bg_iphone4_edited.jpg */,
				CBD3E71B160DFD51000A0F53 /* ro_bg_iphone4_edited.jpg */,
				CBB88C451607E87100808669 /* SLU Rank Order-Info.plist */,
				CBB88C461607E87100808669 /* InfoPlist.strings */,
				CBB88C491607E87100808669 /* main.m */,
				CBB88C4B1607E87100808669 /* SLU Rank Order-Prefix.pch */,
				CB59DB5E160F96F600ADB8B6 /* rank_order_info_bg.jpg */,
			);
			name = "Supporting Files";
			sourceTree = "<group>";
		};
/* End PBXGroup section */

/* Begin PBXNativeTarget section */
		CBB88C381607E87100808669 /* SLU Rank Order */ = {
			isa = PBXNativeTarget;
			buildConfigurationList = CBB88C571607E87100808669 /* Build configuration list for PBXNativeTarget "SLU Rank Order" */;
			buildPhases = (
				CBB88C351607E87100808669 /* Sources */,
				CBB88C361607E87100808669 /* Frameworks */,
				CBB88C371607E87100808669 /* Resources */,
			);
			buildRules = (
			);
			dependencies = (
			);
			name = "SLU Rank Order";
			productName = "SLU Rank Order";
			productReference = CBB88C391607E87100808669 /* SLU Rank Order.app */;
			productType = "com.apple.product-type.application";
		};
/* End PBXNativeTarget section */

/* Begin PBXProject section */
		CBB88C301607E87100808669 /* Project object */ = {
			isa = PBXProject;
			attributes = {
				CLASSPREFIX = SLURankOrder;
				LastUpgradeCheck = 0440;
				ORGANIZATIONNAME = drawkward;
			};
			buildConfigurationList = CBB88C331607E87100808669 /* Build configuration list for PBXProject "SLU Rank Order" */;
			compatibilityVersion = "Xcode 3.2";
			developmentRegion = English;
			hasScannedForEncodings = 0;
			knownRegions = (
				en,
			);
			mainGroup = CBB88C2E1607E87100808669;
			productRefGroup = CBB88C3A1607E87100808669 /* Products */;
			projectDirPath = "";
			projectRoot = "";
			targets = (
				CBB88C381607E87100808669 /* SLU Rank Order */,
			);
		};
/* End PBXProject section */

/* Begin PBXResourcesBuildPhase section */
		CBB88C371607E87100808669 /* Resources */ = {
			isa = PBXResourcesBuildPhase;
			buildActionMask = 2147483647;
			files = (
				CBB88C481607E87100808669 /* InfoPlist.strings in Resources */,
				CBB88C511607E87100808669 /* MainStoryboard.storyboard in Resources */,
				CBD3E71D160DFD51000A0F53 /* ro_score_bg_iphone4_edited.jpg in Resources */,
				CBD3E71E160DFD51000A0F53 /* ro_bg_iphone4_edited.jpg in Resources */,
				CBD3E722160E09B8000A0F53 /* Default-568h@2x.png in Resources */,
				CB59DB5F160F96F600ADB8B6 /* rank_order_info_bg.jpg in Resources */,
				CB59DB64160F9BB300ADB8B6 /* Default@2x.png in Resources */,
				CB59DB66160F9BB900ADB8B6 /* Default.png in Resources */,
				CB6EDDF01612432E00E54C71 /* rank_order_icon.png in Resources */,
				CB6EDDF31612434600E54C71 /* rank_order_retina_icon.png in Resources */,
			);
			runOnlyForDeploymentPostprocessing = 0;
		};
/* End PBXResourcesBuildPhase section */

/* Begin PBXSourcesBuildPhase section */
		CBB88C351607E87100808669 /* Sources */ = {
			isa = PBXSourcesBuildPhase;
			buildActionMask = 2147483647;
			files = (
				CBB88C4A1607E87100808669 /* main.m in Sources */,
				CBB88C4E1607E87100808669 /* SLURankOrderAppDelegate.m in Sources */,
				CBB88C5C1607E8A200808669 /* SLURankOrderMainViewController.m in Sources */,
				CBB88C5F1607E99600808669 /* SoloViewController.m in Sources */,
				CBB88C621607E9A100808669 /* PairViewController.m in Sources */,
				CBB88C651607E9AA00808669 /* GroupViewController.m in Sources */,
				CBB88C681607E9B700808669 /* ScoreViewController.m in Sources */,
				CBABD12116090D8C0025E0AE /* SLURankOrderNavigationController.m in Sources */,
				CB59DB62160F996000ADB8B6 /* InfoViewController.m in Sources */,
				CBCB217C1620BEBA0045DB9D /* SoloRecallViewController.m in Sources */,
				CBCB21801620C17C0045DB9D /* PairRecallViewController.m in Sources */,
			);
			runOnlyForDeploymentPostprocessing = 0;
		};
/* End PBXSourcesBuildPhase section */

/* Begin PBXVariantGroup section */
		CBB88C461607E87100808669 /* InfoPlist.strings */ = {
			isa = PBXVariantGroup;
			children = (
				CBB88C471607E87100808669 /* en */,
			);
			name = InfoPlist.strings;
			sourceTree = "<group>";
		};
		CBB88C4F1607E87100808669 /* MainStoryboard.storyboard */ = {
			isa = PBXVariantGroup;
			children = (
				CBB88C501607E87100808669 /* en */,
			);
			name = MainStoryboard.storyboard;
			sourceTree = "<group>";
		};
/* End PBXVariantGroup section */

/* Begin XCBuildConfiguration section */
		CBB88C551607E87100808669 /* Debug */ = {
			isa = XCBuildConfiguration;
			buildSettings = {
				ALWAYS_SEARCH_USER_PATHS = NO;
				ARCHS = "$(ARCHS_STANDARD_32_BIT)";
				CLANG_CXX_LANGUAGE_STANDARD = "gnu++0x";
				CLANG_ENABLE_OBJC_ARC = YES;
				CLANG_WARN__DUPLICATE_METHOD_MATCH = YES;
				"CODE_SIGN_IDENTITY[sdk=iphoneos*]" = "iPhone Developer";
				COPY_PHASE_STRIP = NO;
				GCC_C_LANGUAGE_STANDARD = gnu99;
				GCC_DYNAMIC_NO_PIC = NO;
				GCC_OPTIMIZATION_LEVEL = 0;
				GCC_PREPROCESSOR_DEFINITIONS = (
					"DEBUG=1",
					"$(inherited)",
				);
				GCC_SYMBOLS_PRIVATE_EXTERN = NO;
				GCC_VERSION = com.apple.compilers.llvm.clang.1_0;
				GCC_WARN_ABOUT_RETURN_TYPE = YES;
				GCC_WARN_UNINITIALIZED_AUTOS = YES;
				GCC_WARN_UNUSED_VARIABLE = YES;
				IPHONEOS_DEPLOYMENT_TARGET = 5.1;
				SDKROOT = iphoneos;
			};
			name = Debug;
		};
		CBB88C561607E87100808669 /* Release */ = {
			isa = XCBuildConfiguration;
			buildSettings = {
				ALWAYS_SEARCH_USER_PATHS = NO;
				ARCHS = "$(ARCHS_STANDARD_32_BIT)";
				CLANG_CXX_LANGUAGE_STANDARD = "gnu++0x";
				CLANG_ENABLE_OBJC_ARC = YES;
				CLANG_WARN__DUPLICATE_METHOD_MATCH = YES;
				"CODE_SIGN_IDENTITY[sdk=iphoneos*]" = "iPhone Developer";
				COPY_PHASE_STRIP = YES;
				GCC_C_LANGUAGE_STANDARD = gnu99;
				GCC_VERSION = com.apple.compilers.llvm.clang.1_0;
				GCC_WARN_ABOUT_RETURN_TYPE = YES;
				GCC_WARN_UNINITIALIZED_AUTOS = YES;
				GCC_WARN_UNUSED_VARIABLE = YES;
				IPHONEOS_DEPLOYMENT_TARGET = 5.1;
				OTHER_CFLAGS = "-DNS_BLOCK_ASSERTIONS=1";
				SDKROOT = iphoneos;
				VALIDATE_PRODUCT = YES;
			};
			name = Release;
		};
		CBB88C581607E87100808669 /* Debug */ = {
			isa = XCBuildConfiguration;
			buildSettings = {
				GCC_PRECOMPILE_PREFIX_HEADER = YES;
				GCC_PREFIX_HEADER = "SLU Rank Order/SLU Rank Order-Prefix.pch";
				INFOPLIST_FILE = "SLU Rank Order/SLU Rank Order-Info.plist";
				PRODUCT_NAME = "$(TARGET_NAME)";
				WRAPPER_EXTENSION = app;
			};
			name = Debug;
		};
		CBB88C591607E87100808669 /* Release */ = {
			isa = XCBuildConfiguration;
			buildSettings = {
				GCC_PRECOMPILE_PREFIX_HEADER = YES;
				GCC_PREFIX_HEADER = "SLU Rank Order/SLU Rank Order-Prefix.pch";
				INFOPLIST_FILE = "SLU Rank Order/SLU Rank Order-Info.plist";
				PRODUCT_NAME = "$(TARGET_NAME)";
				WRAPPER_EXTENSION = app;
			};
			name = Release;
		};
/* End XCBuildConfiguration section */

/* Begin XCConfigurationList section */
		CBB88C331607E87100808669 /* Build configuration list for PBXProject "SLU Rank Order" */ = {
			isa = XCConfigurationList;
			buildConfigurations = (
				CBB88C551607E87100808669 /* Debug */,
				CBB88C561607E87100808669 /* Release */,
			);
			defaultConfigurationIsVisible = 0;
			defaultConfigurationName = Release;
		};
		CBB88C571607E87100808669 /* Build configuration list for PBXNativeTarget "SLU Rank Order" */ = {
			isa = XCConfigurationList;
			buildConfigurations = (
				CBB88C581607E87100808669 /* Debug */,
				CBB88C591607E87100808669 /* Release */,
			);
			defaultConfigurationIsVisible = 0;
			defaultConfigurationName = Release;
		};
/* End XCConfigurationList section */
	};
	rootObject = CBB88C301607E87100808669 /* Project object */;
}
